
Microsoft Visual Studio Solution File, Format Version 12.00
# Visual Studio Version 16
VisualStudioVersion = 16.0.29926.136
MinimumVisualStudioVersion = 10.0.40219.1
Project("{FAE04EC0-301F-11D3-BF4B-00C04F79EFBC}") = "Shop.Common", "Shop.Common\Shop.Common.csproj", "{37FAC2A4-F7E1-4D98-9B48-336BAEDB0BD4}"
EndProject
Project("{FAE04EC0-301F-11D3-BF4B-00C04F79EFBC}") = "Shop.Data", "Shop.Data\Shop.Data.csproj", "{436E8744-BD87-457A-B444-38D401A5E802}"
EndProject
Project("{FAE04EC0-301F-11D3-BF4B-00C04F79EFBC}") = "Shop.Model", "Shop.Model\Shop.Model.csproj", "{4C61495C-1AE1-4CF0-8565-08CDD0390908}"
EndProject
Project("{FAE04EC0-301F-11D3-BF4B-00C04F79EFBC}") = "Shop.Service", "Shop.Service\Shop.Service.csproj", "{3C9D7A17-37C0-454F-ABD7-D96FAFD323CD}"
EndProject
Project("{FAE04EC0-301F-11D3-BF4B-00C04F79EFBC}") = "Shop.Web", "Shop.Web\Shop.Web.csproj", "{D4048E8B-3866-4D5D-8880-3E4BFE7B1E1D}"
EndProject
Project("{FAE04EC0-301F-11D3-BF4B-00C04F79EFBC}") = "Shop.UnitTest", "Shop.UnitTest\Shop.UnitTest.csproj", "{32C02D22-A353-4931-BE93-07F6141F9D0C}"
EndProject
Global
	GlobalSection(SolutionConfigurationPlatforms) = preSolution
		Debug|Any CPU = Debug|Any CPU
		Release|Any CPU = Release|Any CPU
	EndGlobalSection
	GlobalSection(ProjectConfigurationPlatforms) = postSolution
		{37FAC2A4-F7E1-4D98-9B48-336BAEDB0BD4}.Debug|Any CPU.ActiveCfg = Debug|Any CPU
		{37FAC2A4-F7E1-4D98-9B48-336BAEDB0BD4}.Debug|Any CPU.Build.0 = Debug|Any CPU
		{37FAC2A4-F7E1-4D98-9B48-336BAEDB0BD4}.Release|Any CPU.ActiveCfg = Release|Any CPU
		{37FAC2A4-F7E1-4D98-9B48-336BAEDB0BD4}.Release|Any CPU.Build.0 = Release|Any CPU
		{436E8744-BD87-457A-B444-38D401A5E802}.Debug|Any CPU.ActiveCfg = Debug|Any CPU
		{436E8744-BD87-457A-B444-38D401A5E802}.Debug|Any CPU.Build.0 = Debug|Any CPU
		{436E8744-BD87-457A-B444-38D401A5E802}.Release|Any CPU.ActiveCfg = Release|Any CPU
		{436E8744-BD87-457A-B444-38D401A5E802}.Release|Any CPU.Build.0 = Release|Any CPU
		{4C61495C-1AE1-4CF0-8565-08CDD0390908}.Debug|Any CPU.ActiveCfg = Debug|Any CPU
		{4C61495C-1AE1-4CF0-8565-08CDD0390908}.Debug|Any CPU.Build.0 = Debug|Any CPU
		{4C61495C-1AE1-4CF0-8565-08CDD0390908}.Release|Any CPU.ActiveCfg = Release|Any CPU
		{4C61495C-1AE1-4CF0-8565-08CDD0390908}.Release|Any CPU.Build.0 = Release|Any CPU
		{3C9D7A17-37C0-454F-ABD7-D96FAFD323CD}.Debug|Any CPU.ActiveCfg = Debug|Any CPU
		{3C9D7A17-37C0-454F-ABD7-D96FAFD323CD}.Debug|Any CPU.Build.0 = Debug|Any CPU
		{3C9D7A17-37C0-454F-ABD7-D96FAFD323CD}.Release|Any CPU.ActiveCfg = Release|Any CPU
		{3C9D7A17-37C0-454F-ABD7-D96FAFD323CD}.Release|Any CPU.Build.0 = Release|Any CPU
		{D4048E8B-3866-4D5D-8880-3E4BFE7B1E1D}.Debug|Any CPU.ActiveCfg = Debug|Any CPU
		{D4048E8B-3866-4D5D-8880-3E4BFE7B1E1D}.Debug|Any CPU.Build.0 = Debug|Any CPU
		{D4048E8B-3866-4D5D-8880-3E4BFE7B1E1D}.Release|Any CPU.ActiveCfg = Release|Any CPU
		{D4048E8B-3866-4D5D-8880-3E4BFE7B1E1D}.Release|Any CPU.Build.0 = Release|Any CPU
		{32C02D22-A353-4931-BE93-07F6141F9D0C}.Debug|Any CPU.ActiveCfg = Debug|Any CPU
		{32C02D22-A353-4931-BE93-07F6141F9D0C}.Debug|Any CPU.Build.0 = Debug|Any CPU
		{32C02D22-A353-4931-BE93-07F6141F9D0C}.Release|Any CPU.ActiveCfg = Release|Any CPU
		{32C02D22-A353-4931-BE93-07F6141F9D0C}.Release|Any CPU.Build.0 = Release|Any CPU
	EndGlobalSection
	GlobalSection(SolutionProperties) = preSolution
		HideSolutionNode = FALSE
	EndGlobalSection
	GlobalSection(ExtensibilityGlobals) = postSolution
		SolutionGuid = {9157E696-2F00-44E8-BCCA-F40FD8EADCDA}
	EndGlobalSection
EndGlobal
